
Microsoft Visual Studio Solution File, Format Version 12.00
# Visual Studio 14
VisualStudioVersion = 14.0.25123.0
MinimumVisualStudioVersion = 10.0.40219.1
Project("{8BC9CEB8-8B4A-11D0-8D11-00A0C91BC942}") = "Humble", "Humble\Humble.vcxproj", "{E0D9FDB8-8731-412A-96CA-91823D4F46BE}"
	ProjectSection(ProjectDependencies) = postProject
		{34A2B7B3-2D6F-4D2F-AF82-EFAF0B4CE892} = {34A2B7B3-2D6F-4D2F-AF82-EFAF0B4CE892}
	EndProjectSection
EndProject
Project("{8BC9CEB8-8B4A-11D0-8D11-00A0C91BC942}") = "HBase", "HBase\HBase.vcxproj", "{34A2B7B3-2D6F-4D2F-AF82-EFAF0B4CE892}"
EndProject
Global
	GlobalSection(SolutionConfigurationPlatforms) = preSolution
		Debug|x64 = Debug|x64
		Debug|x86 = Debug|x86
		Release|x64 = Release|x64
		Release|x86 = Release|x86
	EndGlobalSection
	GlobalSection(ProjectConfigurationPlatforms) = postSolution
		{E0D9FDB8-8731-412A-96CA-91823D4F46BE}.Debug|x64.ActiveCfg = Debug|x64
		{E0D9FDB8-8731-412A-96CA-91823D4F46BE}.Debug|x64.Build.0 = Debug|x64
		{E0D9FDB8-8731-412A-96CA-91823D4F46BE}.Debug|x86.ActiveCfg = Debug|Win32
		{E0D9FDB8-8731-412A-96CA-91823D4F46BE}.Debug|x86.Build.0 = Debug|Win32
		{E0D9FDB8-8731-412A-96CA-91823D4F46BE}.Release|x64.ActiveCfg = Release|x64
		{E0D9FDB8-8731-412A-96CA-91823D4F46BE}.Release|x64.Build.0 = Release|x64
		{E0D9FDB8-8731-412A-96CA-91823D4F46BE}.Release|x86.ActiveCfg = Release|Win32
		{E0D9FDB8-8731-412A-96CA-91823D4F46BE}.Release|x86.Build.0 = Release|Win32
		{34A2B7B3-2D6F-4D2F-AF82-EFAF0B4CE892}.Debug|x64.ActiveCfg = Debug|x64
		{34A2B7B3-2D6F-4D2F-AF82-EFAF0B4CE892}.Debug|x64.Build.0 = Debug|x64
		{34A2B7B3-2D6F-4D2F-AF82-EFAF0B4CE892}.Debug|x86.ActiveCfg = Debug|Win32
		{34A2B7B3-2D6F-4D2F-AF82-EFAF0B4CE892}.Debug|x86.Build.0 = Debug|Win32
		{34A2B7B3-2D6F-4D2F-AF82-EFAF0B4CE892}.Release|x64.ActiveCfg = Release|x64
		{34A2B7B3-2D6F-4D2F-AF82-EFAF0B4CE892}.Release|x64.Build.0 = Release|x64
		{34A2B7B3-2D6F-4D2F-AF82-EFAF0B4CE892}.Release|x86.ActiveCfg = Release|Win32
		{34A2B7B3-2D6F-4D2F-AF82-EFAF0B4CE892}.Release|x86.Build.0 = Release|Win32
	EndGlobalSection
	GlobalSection(SolutionProperties) = preSolution
		HideSolutionNode = FALSE
	EndGlobalSection
EndGlobal
