<?xml version="1.0" encoding="utf-8"?>
<Project ToolsVersion="4.0" xmlns="http://schemas.microsoft.com/developer/msbuild/2003">
  <ItemGroup>
    <ClCompile Include="Humble.cpp" />
    <ClCompile Include="LNetDisp.cpp" />
    <ClCompile Include="Reg2Lua.cpp" />
    <ClCompile Include="LuaTask.cpp" />
  </ItemGroup>
  <ItemGroup>
    <ClInclude Include="LNetDisp.h" />
    <ClInclude Include="Reg2Lua.h" />
    <ClInclude Include="LuaTask.h" />
  </ItemGroup>
</Project>