<?xml version="1.0" encoding="utf-8"?>
<Project ToolsVersion="4.0" xmlns="http://schemas.microsoft.com/developer/msbuild/2003">
  <ItemGroup>
    <Filter Include="Config">
      <UniqueIdentifier>{608e29e0-032c-4490-8a40-d971d63fa9fd}</UniqueIdentifier>
    </Filter>
    <Filter Include="Encrypt">
      <UniqueIdentifier>{82931982-39be-4e52-bc49-a429231f323b}</UniqueIdentifier>
    </Filter>
    <Filter Include="Common">
      <UniqueIdentifier>{6952c344-2d7c-4f41-94d5-25326ae1d508}</UniqueIdentifier>
    </Filter>
    <Filter Include="3rd">
      <UniqueIdentifier>{2f626edb-2f75-42b7-af2c-24269601e15d}</UniqueIdentifier>
    </Filter>
    <Filter Include="3rd\jwsmtp">
      <UniqueIdentifier>{01834fb6-10a9-4dd7-b06c-0353414ca578}</UniqueIdentifier>
    </Filter>
    <Filter Include="3rd\pugixml">
      <UniqueIdentifier>{c64ee883-b7f8-4d8f-b463-ca297d26cd77}</UniqueIdentifier>
    </Filter>
    <Filter Include="3rd\rijndael">
      <UniqueIdentifier>{66ddbedd-e596-4966-a7d8-058c29a00974}</UniqueIdentifier>
    </Filter>
    <Filter Include="3rd\RSAEuro">
      <UniqueIdentifier>{743866a1-2d44-40d6-9d32-432b1e5f3ded}</UniqueIdentifier>
    </Filter>
    <Filter Include="3rd\uchardet">
      <UniqueIdentifier>{391138bc-989b-43c0-9705-278153d07727}</UniqueIdentifier>
    </Filter>
    <Filter Include="3rd\uchardet\LangModels">
      <UniqueIdentifier>{5fc9f8ba-b3d0-4d8f-a7ba-aae92a36213c}</UniqueIdentifier>
    </Filter>
    <Filter Include="3rd\zlib">
      <UniqueIdentifier>{10e9c114-8074-462a-ab5a-d2c9ed14f976}</UniqueIdentifier>
    </Filter>
    <Filter Include="3rd\lua">
      <UniqueIdentifier>{84db2ca7-13d2-446e-9f1d-5ee206446d10}</UniqueIdentifier>
    </Filter>
    <Filter Include="3rd\lua\lpeg">
      <UniqueIdentifier>{5574de33-db9b-40cd-8e84-cdc7483402fd}</UniqueIdentifier>
    </Filter>
    <Filter Include="3rd\lua\lua5.3">
      <UniqueIdentifier>{2b7c3d12-7cbc-445a-b5e1-4ee1ed31df6d}</UniqueIdentifier>
    </Filter>
    <Filter Include="3rd\lua\luabridge">
      <UniqueIdentifier>{d79cfcdc-1f21-4877-a30e-f9564bef875a}</UniqueIdentifier>
    </Filter>
    <Filter Include="3rd\lua\luabridge\detail">
      <UniqueIdentifier>{c88e2d68-6eef-480f-a171-bf4df9fa291f}</UniqueIdentifier>
    </Filter>
    <Filter Include="3rd\lua\luacjson">
      <UniqueIdentifier>{c3be456e-45b8-41a2-88bc-2b551125e318}</UniqueIdentifier>
    </Filter>
    <Filter Include="3rd\lua\luasql">
      <UniqueIdentifier>{86606089-75f8-4ddb-aa98-38aab8c0a7fa}</UniqueIdentifier>
    </Filter>
    <Filter Include="3rd\lua\pbc">
      <UniqueIdentifier>{06422bef-2029-4f75-9b7b-025adc862b48}</UniqueIdentifier>
    </Filter>
    <Filter Include="3rd\lua\sproto">
      <UniqueIdentifier>{1ca199f0-a0d6-47b4-b2d3-18d02b64ed1e}</UniqueIdentifier>
    </Filter>
    <Filter Include="3rd\redisrand">
      <UniqueIdentifier>{23c6a74c-6ebd-4a28-8669-e0701785818a}</UniqueIdentifier>
    </Filter>
    <Filter Include="Thread">
      <UniqueIdentifier>{359db40d-e689-402b-ba89-f3687d5d506b}</UniqueIdentifier>
    </Filter>
    <Filter Include="Service">
      <UniqueIdentifier>{4cc0d584-8a91-43ae-b565-fb7b338bcad4}</UniqueIdentifier>
    </Filter>
    <Filter Include="3rd\jsoncpp">
      <UniqueIdentifier>{afe856f5-049e-4432-b91a-ec8e534efc92}</UniqueIdentifier>
    </Filter>
    <Filter Include="3rd\jsoncpp\json">
      <UniqueIdentifier>{e75c8f2e-7072-45ad-a8f5-cb4d2fed0d7f}</UniqueIdentifier>
    </Filter>
    <Filter Include="3rd\lua\serialize">
      <UniqueIdentifier>{94062488-49e2-4098-a264-0acc19a62253}</UniqueIdentifier>
    </Filter>
    <Filter Include="3rd\lua\luasocket">
      <UniqueIdentifier>{f8ca32d4-7c37-4cec-a099-2a6db1444273}</UniqueIdentifier>
    </Filter>
    <Filter Include="Service\Parser">
      <UniqueIdentifier>{30dea6f7-72f1-4903-9f3a-8ae9699a7e65}</UniqueIdentifier>
    </Filter>
    <Filter Include="3rd\lua\mongo">
      <UniqueIdentifier>{a84fc4da-6c50-4449-a279-64ed61c0d786}</UniqueIdentifier>
    </Filter>
    <Filter Include="3rd\lua\sharedata">
      <UniqueIdentifier>{a82a0415-61b3-432a-ac89-39eb6b34f421}</UniqueIdentifier>
    </Filter>
  </ItemGroup>
  <ItemGroup>
    <ClInclude Include="Config.h">
      <Filter>Config</Filter>
    </ClInclude>
    <ClInclude Include="Include.h">
      <Filter>Config</Filter>
    </ClInclude>
    <ClInclude Include="Macros.h">
      <Filter>Config</Filter>
    </ClInclude>
    <ClInclude Include="jwsmtp\compat.h">
      <Filter>3rd\jwsmtp</Filter>
    </ClInclude>
    <ClInclude Include="jwsmtp\jwsmtp.h">
      <Filter>3rd\jwsmtp</Filter>
    </ClInclude>
    <ClInclude Include="jwsmtp\jwsmtp_base64.h">
      <Filter>3rd\jwsmtp</Filter>
    </ClInclude>
    <ClInclude Include="jwsmtp\mailer.h">
      <Filter>3rd\jwsmtp</Filter>
    </ClInclude>
    <ClInclude Include="zlib\crc32.h">
      <Filter>3rd\zlib</Filter>
    </ClInclude>
    <ClInclude Include="zlib\deflate.h">
      <Filter>3rd\zlib</Filter>
    </ClInclude>
    <ClInclude Include="zlib\gzguts.h">
      <Filter>3rd\zlib</Filter>
    </ClInclude>
    <ClInclude Include="zlib\inffast.h">
      <Filter>3rd\zlib</Filter>
    </ClInclude>
    <ClInclude Include="zlib\inffixed.h">
      <Filter>3rd\zlib</Filter>
    </ClInclude>
    <ClInclude Include="zlib\inflate.h">
      <Filter>3rd\zlib</Filter>
    </ClInclude>
    <ClInclude Include="zlib\inftrees.h">
      <Filter>3rd\zlib</Filter>
    </ClInclude>
    <ClInclude Include="zlib\trees.h">
      <Filter>3rd\zlib</Filter>
    </ClInclude>
    <ClInclude Include="zlib\zconf.h">
      <Filter>3rd\zlib</Filter>
    </ClInclude>
    <ClInclude Include="zlib\zconf_linux.h">
      <Filter>3rd\zlib</Filter>
    </ClInclude>
    <ClInclude Include="zlib\zconf_win.h">
      <Filter>3rd\zlib</Filter>
    </ClInclude>
    <ClInclude Include="zlib\zlib.h">
      <Filter>3rd\zlib</Filter>
    </ClInclude>
    <ClInclude Include="zlib\zutil.h">
      <Filter>3rd\zlib</Filter>
    </ClInclude>
    <ClInclude Include="uchardet\CharDistribution.h">
      <Filter>3rd\uchardet</Filter>
    </ClInclude>
    <ClInclude Include="uchardet\JpCntx.h">
      <Filter>3rd\uchardet</Filter>
    </ClInclude>
    <ClInclude Include="uchardet\nsBig5Prober.h">
      <Filter>3rd\uchardet</Filter>
    </ClInclude>
    <ClInclude Include="uchardet\nsCharSetProber.h">
      <Filter>3rd\uchardet</Filter>
    </ClInclude>
    <ClInclude Include="uchardet\nsCodingStateMachine.h">
      <Filter>3rd\uchardet</Filter>
    </ClInclude>
    <ClInclude Include="uchardet\nscore.h">
      <Filter>3rd\uchardet</Filter>
    </ClInclude>
    <ClInclude Include="uchardet\nsEscCharsetProber.h">
      <Filter>3rd\uchardet</Filter>
    </ClInclude>
    <ClInclude Include="uchardet\nsEUCJPProber.h">
      <Filter>3rd\uchardet</Filter>
    </ClInclude>
    <ClInclude Include="uchardet\nsEUCKRProber.h">
      <Filter>3rd\uchardet</Filter>
    </ClInclude>
    <ClInclude Include="uchardet\nsEUCTWProber.h">
      <Filter>3rd\uchardet</Filter>
    </ClInclude>
    <ClInclude Include="uchardet\nsGB2312Prober.h">
      <Filter>3rd\uchardet</Filter>
    </ClInclude>
    <ClInclude Include="uchardet\nsHebrewProber.h">
      <Filter>3rd\uchardet</Filter>
    </ClInclude>
    <ClInclude Include="uchardet\nsLatin1Prober.h">
      <Filter>3rd\uchardet</Filter>
    </ClInclude>
    <ClInclude Include="uchardet\nsMBCSGroupProber.h">
      <Filter>3rd\uchardet</Filter>
    </ClInclude>
    <ClInclude Include="uchardet\nsPkgInt.h">
      <Filter>3rd\uchardet</Filter>
    </ClInclude>
    <ClInclude Include="uchardet\nsSBCharSetProber.h">
      <Filter>3rd\uchardet</Filter>
    </ClInclude>
    <ClInclude Include="uchardet\nsSBCSGroupProber.h">
      <Filter>3rd\uchardet</Filter>
    </ClInclude>
    <ClInclude Include="uchardet\nsSJISProber.h">
      <Filter>3rd\uchardet</Filter>
    </ClInclude>
    <ClInclude Include="uchardet\nsUniversalDetector.h">
      <Filter>3rd\uchardet</Filter>
    </ClInclude>
    <ClInclude Include="uchardet\nsUTF8Prober.h">
      <Filter>3rd\uchardet</Filter>
    </ClInclude>
    <ClInclude Include="uchardet\prmem.h">
      <Filter>3rd\uchardet</Filter>
    </ClInclude>
    <ClInclude Include="uchardet\uchardet.h">
      <Filter>3rd\uchardet</Filter>
    </ClInclude>
    <ClInclude Include="RSAEuro\des.h">
      <Filter>3rd\RSAEuro</Filter>
    </ClInclude>
    <ClInclude Include="RSAEuro\global.h">
      <Filter>3rd\RSAEuro</Filter>
    </ClInclude>
    <ClInclude Include="RSAEuro\md2.h">
      <Filter>3rd\RSAEuro</Filter>
    </ClInclude>
    <ClInclude Include="RSAEuro\md4.h">
      <Filter>3rd\RSAEuro</Filter>
    </ClInclude>
    <ClInclude Include="RSAEuro\md5.h">
      <Filter>3rd\RSAEuro</Filter>
    </ClInclude>
    <ClInclude Include="RSAEuro\nn.h">
      <Filter>3rd\RSAEuro</Filter>
    </ClInclude>
    <ClInclude Include="RSAEuro\prime.h">
      <Filter>3rd\RSAEuro</Filter>
    </ClInclude>
    <ClInclude Include="RSAEuro\r_random.h">
      <Filter>3rd\RSAEuro</Filter>
    </ClInclude>
    <ClInclude Include="RSAEuro\rsa.h">
      <Filter>3rd\RSAEuro</Filter>
    </ClInclude>
    <ClInclude Include="RSAEuro\rsaeuro.h">
      <Filter>3rd\RSAEuro</Filter>
    </ClInclude>
    <ClInclude Include="RSAEuro\rsaref.h">
      <Filter>3rd\RSAEuro</Filter>
    </ClInclude>
    <ClInclude Include="RSAEuro\shs.h">
      <Filter>3rd\RSAEuro</Filter>
    </ClInclude>
    <ClInclude Include="rijndael\rijndael.h">
      <Filter>3rd\rijndael</Filter>
    </ClInclude>
    <ClInclude Include="pugixml\pugiconfig.hpp">
      <Filter>3rd\pugixml</Filter>
    </ClInclude>
    <ClInclude Include="pugixml\pugixml.hpp">
      <Filter>3rd\pugixml</Filter>
    </ClInclude>
    <ClInclude Include="lpeg\lpcap.h">
      <Filter>3rd\lua\lpeg</Filter>
    </ClInclude>
    <ClInclude Include="lpeg\lpcode.h">
      <Filter>3rd\lua\lpeg</Filter>
    </ClInclude>
    <ClInclude Include="lpeg\lpprint.h">
      <Filter>3rd\lua\lpeg</Filter>
    </ClInclude>
    <ClInclude Include="lpeg\lptree.h">
      <Filter>3rd\lua\lpeg</Filter>
    </ClInclude>
    <ClInclude Include="lpeg\lptypes.h">
      <Filter>3rd\lua\lpeg</Filter>
    </ClInclude>
    <ClInclude Include="lpeg\lpvm.h">
      <Filter>3rd\lua\lpeg</Filter>
    </ClInclude>
    <ClInclude Include="lua5.3\lapi.h">
      <Filter>3rd\lua\lua5.3</Filter>
    </ClInclude>
    <ClInclude Include="lua5.3\lauxlib.h">
      <Filter>3rd\lua\lua5.3</Filter>
    </ClInclude>
    <ClInclude Include="lua5.3\lcode.h">
      <Filter>3rd\lua\lua5.3</Filter>
    </ClInclude>
    <ClInclude Include="lua5.3\lctype.h">
      <Filter>3rd\lua\lua5.3</Filter>
    </ClInclude>
    <ClInclude Include="lua5.3\ldebug.h">
      <Filter>3rd\lua\lua5.3</Filter>
    </ClInclude>
    <ClInclude Include="lua5.3\ldo.h">
      <Filter>3rd\lua\lua5.3</Filter>
    </ClInclude>
    <ClInclude Include="lua5.3\lfunc.h">
      <Filter>3rd\lua\lua5.3</Filter>
    </ClInclude>
    <ClInclude Include="lua5.3\lgc.h">
      <Filter>3rd\lua\lua5.3</Filter>
    </ClInclude>
    <ClInclude Include="lua5.3\llex.h">
      <Filter>3rd\lua\lua5.3</Filter>
    </ClInclude>
    <ClInclude Include="lua5.3\llimits.h">
      <Filter>3rd\lua\lua5.3</Filter>
    </ClInclude>
    <ClInclude Include="lua5.3\lmem.h">
      <Filter>3rd\lua\lua5.3</Filter>
    </ClInclude>
    <ClInclude Include="lua5.3\lobject.h">
      <Filter>3rd\lua\lua5.3</Filter>
    </ClInclude>
    <ClInclude Include="lua5.3\lopcodes.h">
      <Filter>3rd\lua\lua5.3</Filter>
    </ClInclude>
    <ClInclude Include="lua5.3\lparser.h">
      <Filter>3rd\lua\lua5.3</Filter>
    </ClInclude>
    <ClInclude Include="lua5.3\lprefix.h">
      <Filter>3rd\lua\lua5.3</Filter>
    </ClInclude>
    <ClInclude Include="lua5.3\lstate.h">
      <Filter>3rd\lua\lua5.3</Filter>
    </ClInclude>
    <ClInclude Include="lua5.3\lstring.h">
      <Filter>3rd\lua\lua5.3</Filter>
    </ClInclude>
    <ClInclude Include="lua5.3\ltable.h">
      <Filter>3rd\lua\lua5.3</Filter>
    </ClInclude>
    <ClInclude Include="lua5.3\ltm.h">
      <Filter>3rd\lua\lua5.3</Filter>
    </ClInclude>
    <ClInclude Include="lua5.3\lua.h">
      <Filter>3rd\lua\lua5.3</Filter>
    </ClInclude>
    <ClInclude Include="lua5.3\lua.hpp">
      <Filter>3rd\lua\lua5.3</Filter>
    </ClInclude>
    <ClInclude Include="lua5.3\luaconf.h">
      <Filter>3rd\lua\lua5.3</Filter>
    </ClInclude>
    <ClInclude Include="lua5.3\lualib.h">
      <Filter>3rd\lua\lua5.3</Filter>
    </ClInclude>
    <ClInclude Include="lua5.3\lundump.h">
      <Filter>3rd\lua\lua5.3</Filter>
    </ClInclude>
    <ClInclude Include="lua5.3\lvm.h">
      <Filter>3rd\lua\lua5.3</Filter>
    </ClInclude>
    <ClInclude Include="lua5.3\lzio.h">
      <Filter>3rd\lua\lua5.3</Filter>
    </ClInclude>
    <ClInclude Include="luabridge\LuaBridge.h">
      <Filter>3rd\lua\luabridge</Filter>
    </ClInclude>
    <ClInclude Include="luabridge\RefCountedObject.h">
      <Filter>3rd\lua\luabridge</Filter>
    </ClInclude>
    <ClInclude Include="luabridge\RefCountedPtr.h">
      <Filter>3rd\lua\luabridge</Filter>
    </ClInclude>
    <ClInclude Include="luabridge\detail\CFunctions.h">
      <Filter>3rd\lua\luabridge\detail</Filter>
    </ClInclude>
    <ClInclude Include="luabridge\detail\ClassInfo.h">
      <Filter>3rd\lua\luabridge\detail</Filter>
    </ClInclude>
    <ClInclude Include="luabridge\detail\Constructor.h">
      <Filter>3rd\lua\luabridge\detail</Filter>
    </ClInclude>
    <ClInclude Include="luabridge\detail\dump.h">
      <Filter>3rd\lua\luabridge\detail</Filter>
    </ClInclude>
    <ClInclude Include="luabridge\detail\FuncTraits.h">
      <Filter>3rd\lua\luabridge\detail</Filter>
    </ClInclude>
    <ClInclude Include="luabridge\detail\Iterator.h">
      <Filter>3rd\lua\luabridge\detail</Filter>
    </ClInclude>
    <ClInclude Include="luabridge\detail\LuaException.h">
      <Filter>3rd\lua\luabridge\detail</Filter>
    </ClInclude>
    <ClInclude Include="luabridge\detail\LuaHelpers.h">
      <Filter>3rd\lua\luabridge\detail</Filter>
    </ClInclude>
    <ClInclude Include="luabridge\detail\LuaRef.h">
      <Filter>3rd\lua\luabridge\detail</Filter>
    </ClInclude>
    <ClInclude Include="luabridge\detail\Namespace.h">
      <Filter>3rd\lua\luabridge\detail</Filter>
    </ClInclude>
    <ClInclude Include="luabridge\detail\Stack.h">
      <Filter>3rd\lua\luabridge\detail</Filter>
    </ClInclude>
    <ClInclude Include="luabridge\detail\TypeList.h">
      <Filter>3rd\lua\luabridge\detail</Filter>
    </ClInclude>
    <ClInclude Include="luabridge\detail\TypeTraits.h">
      <Filter>3rd\lua\luabridge\detail</Filter>
    </ClInclude>
    <ClInclude Include="luabridge\detail\Userdata.h">
      <Filter>3rd\lua\luabridge\detail</Filter>
    </ClInclude>
    <ClInclude Include="luacjson\dtoa_config.h">
      <Filter>3rd\lua\luacjson</Filter>
    </ClInclude>
    <ClInclude Include="luacjson\fpconv.h">
      <Filter>3rd\lua\luacjson</Filter>
    </ClInclude>
    <ClInclude Include="luacjson\strbuf.h">
      <Filter>3rd\lua\luacjson</Filter>
    </ClInclude>
    <ClInclude Include="luasql\luasql.h">
      <Filter>3rd\lua\luasql</Filter>
    </ClInclude>
    <ClInclude Include="sproto\msvcint.h">
      <Filter>3rd\lua\sproto</Filter>
    </ClInclude>
    <ClInclude Include="sproto\sproto.h">
      <Filter>3rd\lua\sproto</Filter>
    </ClInclude>
    <ClInclude Include="pbc\alloc.h">
      <Filter>3rd\lua\pbc</Filter>
    </ClInclude>
    <ClInclude Include="pbc\array.h">
      <Filter>3rd\lua\pbc</Filter>
    </ClInclude>
    <ClInclude Include="pbc\bootstrap.h">
      <Filter>3rd\lua\pbc</Filter>
    </ClInclude>
    <ClInclude Include="pbc\context.h">
      <Filter>3rd\lua\pbc</Filter>
    </ClInclude>
    <ClInclude Include="pbc\descriptor.pbc.h">
      <Filter>3rd\lua\pbc</Filter>
    </ClInclude>
    <ClInclude Include="pbc\map.h">
      <Filter>3rd\lua\pbc</Filter>
    </ClInclude>
    <ClInclude Include="pbc\pattern.h">
      <Filter>3rd\lua\pbc</Filter>
    </ClInclude>
    <ClInclude Include="pbc\pbc.h">
      <Filter>3rd\lua\pbc</Filter>
    </ClInclude>
    <ClInclude Include="pbc\proto.h">
      <Filter>3rd\lua\pbc</Filter>
    </ClInclude>
    <ClInclude Include="pbc\stringpool.h">
      <Filter>3rd\lua\pbc</Filter>
    </ClInclude>
    <ClInclude Include="pbc\varint.h">
      <Filter>3rd\lua\pbc</Filter>
    </ClInclude>
    <ClInclude Include="redisrand\redisrand.h">
      <Filter>3rd\redisrand</Filter>
    </ClInclude>
    <ClInclude Include="AES.h">
      <Filter>Encrypt</Filter>
    </ClInclude>
    <ClInclude Include="Base64.h">
      <Filter>Encrypt</Filter>
    </ClInclude>
    <ClInclude Include="CRC.h">
      <Filter>Encrypt</Filter>
    </ClInclude>
    <ClInclude Include="HRSA.h">
      <Filter>Encrypt</Filter>
    </ClInclude>
    <ClInclude Include="md5.h">
      <Filter>Encrypt</Filter>
    </ClInclude>
    <ClInclude Include="RSAKey.h">
      <Filter>Encrypt</Filter>
    </ClInclude>
    <ClInclude Include="UEncrypt.h">
      <Filter>Encrypt</Filter>
    </ClInclude>
    <ClInclude Include="ZEncrypt.h">
      <Filter>Encrypt</Filter>
    </ClInclude>
    <ClInclude Include="Binary.h">
      <Filter>Common</Filter>
    </ClInclude>
    <ClInclude Include="Charset.h">
      <Filter>Common</Filter>
    </ClInclude>
    <ClInclude Include="Clock.h">
      <Filter>Common</Filter>
    </ClInclude>
    <ClInclude Include="CoreDump.h">
      <Filter>Common</Filter>
    </ClInclude>
    <ClInclude Include="Funcs.h">
      <Filter>Common</Filter>
    </ClInclude>
    <ClInclude Include="Ini.h">
      <Filter>Common</Filter>
    </ClInclude>
    <ClInclude Include="Library.h">
      <Filter>Common</Filter>
    </ClInclude>
    <ClInclude Include="SnowFlake.h">
      <Filter>Common</Filter>
    </ClInclude>
    <ClInclude Include="TableFile.h">
      <Filter>Common</Filter>
    </ClInclude>
    <ClInclude Include="UUID.h">
      <Filter>Common</Filter>
    </ClInclude>
    <ClInclude Include="Thread.h">
      <Filter>Thread</Filter>
    </ClInclude>
    <ClInclude Include="Task.h">
      <Filter>Thread</Filter>
    </ClInclude>
    <ClInclude Include="Atomic.h">
      <Filter>Thread</Filter>
    </ClInclude>
    <ClInclude Include="HBase.h" />
    <ClInclude Include="LockThis.h">
      <Filter>Thread</Filter>
    </ClInclude>
    <ClInclude Include="RWLock.h">
      <Filter>Thread</Filter>
    </ClInclude>
    <ClInclude Include="NETAddr.h">
      <Filter>Common</Filter>
    </ClInclude>
    <ClInclude Include="NetWorker.h">
      <Filter>Service</Filter>
    </ClInclude>
    <ClInclude Include="Sender.h">
      <Filter>Service</Filter>
    </ClInclude>
    <ClInclude Include="RecvTask.h">
      <Filter>Service</Filter>
    </ClInclude>
    <ClInclude Include="Log.h">
      <Filter>Service</Filter>
    </ClInclude>
    <ClInclude Include="Mail.h">
      <Filter>Service</Filter>
    </ClInclude>
    <ClInclude Include="jsoncpp\json\assertions.h">
      <Filter>3rd\jsoncpp\json</Filter>
    </ClInclude>
    <ClInclude Include="jsoncpp\json\autolink.h">
      <Filter>3rd\jsoncpp\json</Filter>
    </ClInclude>
    <ClInclude Include="jsoncpp\json\config.h">
      <Filter>3rd\jsoncpp\json</Filter>
    </ClInclude>
    <ClInclude Include="jsoncpp\json\features.h">
      <Filter>3rd\jsoncpp\json</Filter>
    </ClInclude>
    <ClInclude Include="jsoncpp\json\forwards.h">
      <Filter>3rd\jsoncpp\json</Filter>
    </ClInclude>
    <ClInclude Include="jsoncpp\json\json.h">
      <Filter>3rd\jsoncpp\json</Filter>
    </ClInclude>
    <ClInclude Include="jsoncpp\json\reader.h">
      <Filter>3rd\jsoncpp\json</Filter>
    </ClInclude>
    <ClInclude Include="jsoncpp\json\value.h">
      <Filter>3rd\jsoncpp\json</Filter>
    </ClInclude>
    <ClInclude Include="jsoncpp\json\version.h">
      <Filter>3rd\jsoncpp\json</Filter>
    </ClInclude>
    <ClInclude Include="jsoncpp\json\writer.h">
      <Filter>3rd\jsoncpp\json</Filter>
    </ClInclude>
    <ClInclude Include="jsoncpp\json_tool.h">
      <Filter>3rd\jsoncpp</Filter>
    </ClInclude>
    <ClInclude Include="EvBuffer.h">
      <Filter>Service</Filter>
    </ClInclude>
    <ClInclude Include="Chan.h">
      <Filter>Service</Filter>
    </ClInclude>
    <ClInclude Include="WorkerDisp.h">
      <Filter>Service</Filter>
    </ClInclude>
    <ClInclude Include="Worker.h">
      <Filter>Service</Filter>
    </ClInclude>
    <ClInclude Include="Linker.h">
      <Filter>Service</Filter>
    </ClInclude>
    <ClInclude Include="NetBase.h">
      <Filter>Service</Filter>
    </ClInclude>
    <ClInclude Include="Tick.h">
      <Filter>Service</Filter>
    </ClInclude>
    <ClInclude Include="SVIntf.h">
      <Filter>Service</Filter>
    </ClInclude>
    <ClInclude Include="ObjectPool.h">
      <Filter>Common</Filter>
    </ClInclude>
    <ClInclude Include="SHA1.h">
      <Filter>Encrypt</Filter>
    </ClInclude>
    <ClInclude Include="luasocket\auxiliar.h">
      <Filter>3rd\lua\luasocket</Filter>
    </ClInclude>
    <ClInclude Include="luasocket\buffer.h">
      <Filter>3rd\lua\luasocket</Filter>
    </ClInclude>
    <ClInclude Include="luasocket\except.h">
      <Filter>3rd\lua\luasocket</Filter>
    </ClInclude>
    <ClInclude Include="luasocket\inet.h">
      <Filter>3rd\lua\luasocket</Filter>
    </ClInclude>
    <ClInclude Include="luasocket\luasocket.h">
      <Filter>3rd\lua\luasocket</Filter>
    </ClInclude>
    <ClInclude Include="luasocket\luasockio.h">
      <Filter>3rd\lua\luasocket</Filter>
    </ClInclude>
    <ClInclude Include="luasocket\mime.h">
      <Filter>3rd\lua\luasocket</Filter>
    </ClInclude>
    <ClInclude Include="luasocket\options.h">
      <Filter>3rd\lua\luasocket</Filter>
    </ClInclude>
    <ClInclude Include="luasocket\pierror.h">
      <Filter>3rd\lua\luasocket</Filter>
    </ClInclude>
    <ClInclude Include="luasocket\select.h">
      <Filter>3rd\lua\luasocket</Filter>
    </ClInclude>
    <ClInclude Include="luasocket\socket.h">
      <Filter>3rd\lua\luasocket</Filter>
    </ClInclude>
    <ClInclude Include="luasocket\tcp.h">
      <Filter>3rd\lua\luasocket</Filter>
    </ClInclude>
    <ClInclude Include="luasocket\timeout.h">
      <Filter>3rd\lua\luasocket</Filter>
    </ClInclude>
    <ClInclude Include="luasocket\udp.h">
      <Filter>3rd\lua\luasocket</Filter>
    </ClInclude>
    <ClInclude Include="luasocket\unix.h">
      <Filter>3rd\lua\luasocket</Filter>
    </ClInclude>
    <ClInclude Include="luasocket\usocket.h">
      <Filter>3rd\lua\luasocket</Filter>
    </ClInclude>
    <ClInclude Include="luasocket\wsocket.h">
      <Filter>3rd\lua\luasocket</Filter>
    </ClInclude>
    <ClInclude Include="NetParser.h">
      <Filter>Service</Filter>
    </ClInclude>
    <ClInclude Include="CirQueue.h">
      <Filter>Common</Filter>
    </ClInclude>
    <ClInclude Include="Httpd.h">
      <Filter>Service\Parser</Filter>
    </ClInclude>
    <ClInclude Include="Tcp1.h">
      <Filter>Service\Parser</Filter>
    </ClInclude>
    <ClInclude Include="Tcp2.h">
      <Filter>Service\Parser</Filter>
    </ClInclude>
    <ClInclude Include="WebSock.h">
      <Filter>Service\Parser</Filter>
    </ClInclude>
    <ClInclude Include="mqtt.h">
      <Filter>Service\Parser</Filter>
    </ClInclude>
    <ClInclude Include="DefParser.h">
      <Filter>Service\Parser</Filter>
    </ClInclude>
  </ItemGroup>
  <ItemGroup>
    <ClCompile Include="jwsmtp\compat.cpp">
      <Filter>3rd\jwsmtp</Filter>
    </ClCompile>
    <ClCompile Include="jwsmtp\jwsmtp_base64.cpp">
      <Filter>3rd\jwsmtp</Filter>
    </ClCompile>
    <ClCompile Include="jwsmtp\mailer.cpp">
      <Filter>3rd\jwsmtp</Filter>
    </ClCompile>
    <ClCompile Include="zlib\adler32.c">
      <Filter>3rd\zlib</Filter>
    </ClCompile>
    <ClCompile Include="zlib\compress.c">
      <Filter>3rd\zlib</Filter>
    </ClCompile>
    <ClCompile Include="zlib\crc32.c">
      <Filter>3rd\zlib</Filter>
    </ClCompile>
    <ClCompile Include="zlib\deflate.c">
      <Filter>3rd\zlib</Filter>
    </ClCompile>
    <ClCompile Include="zlib\gzclose.c">
      <Filter>3rd\zlib</Filter>
    </ClCompile>
    <ClCompile Include="zlib\gzlib.c">
      <Filter>3rd\zlib</Filter>
    </ClCompile>
    <ClCompile Include="zlib\gzread.c">
      <Filter>3rd\zlib</Filter>
    </ClCompile>
    <ClCompile Include="zlib\gzwrite.c">
      <Filter>3rd\zlib</Filter>
    </ClCompile>
    <ClCompile Include="zlib\infback.c">
      <Filter>3rd\zlib</Filter>
    </ClCompile>
    <ClCompile Include="zlib\inffast.c">
      <Filter>3rd\zlib</Filter>
    </ClCompile>
    <ClCompile Include="zlib\inflate.c">
      <Filter>3rd\zlib</Filter>
    </ClCompile>
    <ClCompile Include="zlib\inftrees.c">
      <Filter>3rd\zlib</Filter>
    </ClCompile>
    <ClCompile Include="zlib\trees.c">
      <Filter>3rd\zlib</Filter>
    </ClCompile>
    <ClCompile Include="zlib\uncompr.c">
      <Filter>3rd\zlib</Filter>
    </ClCompile>
    <ClCompile Include="zlib\zutil.c">
      <Filter>3rd\zlib</Filter>
    </ClCompile>
    <ClCompile Include="uchardet\CharDistribution.cpp">
      <Filter>3rd\uchardet</Filter>
    </ClCompile>
    <ClCompile Include="uchardet\JpCntx.cpp">
      <Filter>3rd\uchardet</Filter>
    </ClCompile>
    <ClCompile Include="uchardet\nsBig5Prober.cpp">
      <Filter>3rd\uchardet</Filter>
    </ClCompile>
    <ClCompile Include="uchardet\nsCharSetProber.cpp">
      <Filter>3rd\uchardet</Filter>
    </ClCompile>
    <ClCompile Include="uchardet\nsEscCharsetProber.cpp">
      <Filter>3rd\uchardet</Filter>
    </ClCompile>
    <ClCompile Include="uchardet\nsEscSM.cpp">
      <Filter>3rd\uchardet</Filter>
    </ClCompile>
    <ClCompile Include="uchardet\nsEUCJPProber.cpp">
      <Filter>3rd\uchardet</Filter>
    </ClCompile>
    <ClCompile Include="uchardet\nsEUCKRProber.cpp">
      <Filter>3rd\uchardet</Filter>
    </ClCompile>
    <ClCompile Include="uchardet\nsEUCTWProber.cpp">
      <Filter>3rd\uchardet</Filter>
    </ClCompile>
    <ClCompile Include="uchardet\nsGB2312Prober.cpp">
      <Filter>3rd\uchardet</Filter>
    </ClCompile>
    <ClCompile Include="uchardet\nsHebrewProber.cpp">
      <Filter>3rd\uchardet</Filter>
    </ClCompile>
    <ClCompile Include="uchardet\nsLatin1Prober.cpp">
      <Filter>3rd\uchardet</Filter>
    </ClCompile>
    <ClCompile Include="uchardet\nsMBCSGroupProber.cpp">
      <Filter>3rd\uchardet</Filter>
    </ClCompile>
    <ClCompile Include="uchardet\nsMBCSSM.cpp">
      <Filter>3rd\uchardet</Filter>
    </ClCompile>
    <ClCompile Include="uchardet\nsSBCharSetProber.cpp">
      <Filter>3rd\uchardet</Filter>
    </ClCompile>
    <ClCompile Include="uchardet\nsSBCSGroupProber.cpp">
      <Filter>3rd\uchardet</Filter>
    </ClCompile>
    <ClCompile Include="uchardet\nsSJISProber.cpp">
      <Filter>3rd\uchardet</Filter>
    </ClCompile>
    <ClCompile Include="uchardet\nsUniversalDetector.cpp">
      <Filter>3rd\uchardet</Filter>
    </ClCompile>
    <ClCompile Include="uchardet\nsUTF8Prober.cpp">
      <Filter>3rd\uchardet</Filter>
    </ClCompile>
    <ClCompile Include="uchardet\uchardet.cpp">
      <Filter>3rd\uchardet</Filter>
    </ClCompile>
    <ClCompile Include="uchardet\LangModels\LangArabicModel.cpp">
      <Filter>3rd\uchardet\LangModels</Filter>
    </ClCompile>
    <ClCompile Include="uchardet\LangModels\LangBulgarianModel.cpp">
      <Filter>3rd\uchardet\LangModels</Filter>
    </ClCompile>
    <ClCompile Include="uchardet\LangModels\LangDanishModel.cpp">
      <Filter>3rd\uchardet\LangModels</Filter>
    </ClCompile>
    <ClCompile Include="uchardet\LangModels\LangEsperantoModel.cpp">
      <Filter>3rd\uchardet\LangModels</Filter>
    </ClCompile>
    <ClCompile Include="uchardet\LangModels\LangFrenchModel.cpp">
      <Filter>3rd\uchardet\LangModels</Filter>
    </ClCompile>
    <ClCompile Include="uchardet\LangModels\LangGermanModel.cpp">
      <Filter>3rd\uchardet\LangModels</Filter>
    </ClCompile>
    <ClCompile Include="uchardet\LangModels\LangGreekModel.cpp">
      <Filter>3rd\uchardet\LangModels</Filter>
    </ClCompile>
    <ClCompile Include="uchardet\LangModels\LangHebrewModel.cpp">
      <Filter>3rd\uchardet\LangModels</Filter>
    </ClCompile>
    <ClCompile Include="uchardet\LangModels\LangHungarianModel.cpp">
      <Filter>3rd\uchardet\LangModels</Filter>
    </ClCompile>
    <ClCompile Include="uchardet\LangModels\LangRussianModel.cpp">
      <Filter>3rd\uchardet\LangModels</Filter>
    </ClCompile>
    <ClCompile Include="uchardet\LangModels\LangSpanishModel.cpp">
      <Filter>3rd\uchardet\LangModels</Filter>
    </ClCompile>
    <ClCompile Include="uchardet\LangModels\LangThaiModel.cpp">
      <Filter>3rd\uchardet\LangModels</Filter>
    </ClCompile>
    <ClCompile Include="uchardet\LangModels\LangTurkishModel.cpp">
      <Filter>3rd\uchardet\LangModels</Filter>
    </ClCompile>
    <ClCompile Include="uchardet\LangModels\LangVietnameseModel.cpp">
      <Filter>3rd\uchardet\LangModels</Filter>
    </ClCompile>
    <ClCompile Include="RSAEuro\desc.c">
      <Filter>3rd\RSAEuro</Filter>
    </ClCompile>
    <ClCompile Include="RSAEuro\md2c.c">
      <Filter>3rd\RSAEuro</Filter>
    </ClCompile>
    <ClCompile Include="RSAEuro\md4c.c">
      <Filter>3rd\RSAEuro</Filter>
    </ClCompile>
    <ClCompile Include="RSAEuro\md5c.c">
      <Filter>3rd\RSAEuro</Filter>
    </ClCompile>
    <ClCompile Include="RSAEuro\nn.c">
      <Filter>3rd\RSAEuro</Filter>
    </ClCompile>
    <ClCompile Include="RSAEuro\prime.c">
      <Filter>3rd\RSAEuro</Filter>
    </ClCompile>
    <ClCompile Include="RSAEuro\r_dh.c">
      <Filter>3rd\RSAEuro</Filter>
    </ClCompile>
    <ClCompile Include="RSAEuro\r_encode.c">
      <Filter>3rd\RSAEuro</Filter>
    </ClCompile>
    <ClCompile Include="RSAEuro\r_enhanc.c">
      <Filter>3rd\RSAEuro</Filter>
    </ClCompile>
    <ClCompile Include="RSAEuro\r_keygen.c">
      <Filter>3rd\RSAEuro</Filter>
    </ClCompile>
    <ClCompile Include="RSAEuro\r_random.c">
      <Filter>3rd\RSAEuro</Filter>
    </ClCompile>
    <ClCompile Include="RSAEuro\r_stdlib.c">
      <Filter>3rd\RSAEuro</Filter>
    </ClCompile>
    <ClCompile Include="RSAEuro\rsa.c">
      <Filter>3rd\RSAEuro</Filter>
    </ClCompile>
    <ClCompile Include="RSAEuro\shsc.c">
      <Filter>3rd\RSAEuro</Filter>
    </ClCompile>
    <ClCompile Include="rijndael\rijndael.cpp">
      <Filter>3rd\rijndael</Filter>
    </ClCompile>
    <ClCompile Include="pugixml\pugixml.cpp">
      <Filter>3rd\pugixml</Filter>
    </ClCompile>
    <ClCompile Include="lpeg\lpcap.c">
      <Filter>3rd\lua\lpeg</Filter>
    </ClCompile>
    <ClCompile Include="lpeg\lpcode.c">
      <Filter>3rd\lua\lpeg</Filter>
    </ClCompile>
    <ClCompile Include="lpeg\lpprint.c">
      <Filter>3rd\lua\lpeg</Filter>
    </ClCompile>
    <ClCompile Include="lpeg\lptree.c">
      <Filter>3rd\lua\lpeg</Filter>
    </ClCompile>
    <ClCompile Include="lpeg\lpvm.c">
      <Filter>3rd\lua\lpeg</Filter>
    </ClCompile>
    <ClCompile Include="lua5.3\lapi.c">
      <Filter>3rd\lua\lua5.3</Filter>
    </ClCompile>
    <ClCompile Include="lua5.3\lauxlib.c">
      <Filter>3rd\lua\lua5.3</Filter>
    </ClCompile>
    <ClCompile Include="lua5.3\lbaselib.c">
      <Filter>3rd\lua\lua5.3</Filter>
    </ClCompile>
    <ClCompile Include="lua5.3\lbitlib.c">
      <Filter>3rd\lua\lua5.3</Filter>
    </ClCompile>
    <ClCompile Include="lua5.3\lcode.c">
      <Filter>3rd\lua\lua5.3</Filter>
    </ClCompile>
    <ClCompile Include="lua5.3\lcorolib.c">
      <Filter>3rd\lua\lua5.3</Filter>
    </ClCompile>
    <ClCompile Include="lua5.3\lctype.c">
      <Filter>3rd\lua\lua5.3</Filter>
    </ClCompile>
    <ClCompile Include="lua5.3\ldblib.c">
      <Filter>3rd\lua\lua5.3</Filter>
    </ClCompile>
    <ClCompile Include="lua5.3\ldebug.c">
      <Filter>3rd\lua\lua5.3</Filter>
    </ClCompile>
    <ClCompile Include="lua5.3\ldo.c">
      <Filter>3rd\lua\lua5.3</Filter>
    </ClCompile>
    <ClCompile Include="lua5.3\ldump.c">
      <Filter>3rd\lua\lua5.3</Filter>
    </ClCompile>
    <ClCompile Include="lua5.3\lfunc.c">
      <Filter>3rd\lua\lua5.3</Filter>
    </ClCompile>
    <ClCompile Include="lua5.3\lgc.c">
      <Filter>3rd\lua\lua5.3</Filter>
    </ClCompile>
    <ClCompile Include="lua5.3\linit.c">
      <Filter>3rd\lua\lua5.3</Filter>
    </ClCompile>
    <ClCompile Include="lua5.3\liolib.c">
      <Filter>3rd\lua\lua5.3</Filter>
    </ClCompile>
    <ClCompile Include="lua5.3\llex.c">
      <Filter>3rd\lua\lua5.3</Filter>
    </ClCompile>
    <ClCompile Include="lua5.3\lmathlib.c">
      <Filter>3rd\lua\lua5.3</Filter>
    </ClCompile>
    <ClCompile Include="lua5.3\lmem.c">
      <Filter>3rd\lua\lua5.3</Filter>
    </ClCompile>
    <ClCompile Include="lua5.3\loadlib.c">
      <Filter>3rd\lua\lua5.3</Filter>
    </ClCompile>
    <ClCompile Include="lua5.3\lobject.c">
      <Filter>3rd\lua\lua5.3</Filter>
    </ClCompile>
    <ClCompile Include="lua5.3\lopcodes.c">
      <Filter>3rd\lua\lua5.3</Filter>
    </ClCompile>
    <ClCompile Include="lua5.3\loslib.c">
      <Filter>3rd\lua\lua5.3</Filter>
    </ClCompile>
    <ClCompile Include="lua5.3\lparser.c">
      <Filter>3rd\lua\lua5.3</Filter>
    </ClCompile>
    <ClCompile Include="lua5.3\lstate.c">
      <Filter>3rd\lua\lua5.3</Filter>
    </ClCompile>
    <ClCompile Include="lua5.3\lstring.c">
      <Filter>3rd\lua\lua5.3</Filter>
    </ClCompile>
    <ClCompile Include="lua5.3\lstrlib.c">
      <Filter>3rd\lua\lua5.3</Filter>
    </ClCompile>
    <ClCompile Include="lua5.3\ltable.c">
      <Filter>3rd\lua\lua5.3</Filter>
    </ClCompile>
    <ClCompile Include="lua5.3\ltablib.c">
      <Filter>3rd\lua\lua5.3</Filter>
    </ClCompile>
    <ClCompile Include="lua5.3\ltm.c">
      <Filter>3rd\lua\lua5.3</Filter>
    </ClCompile>
    <ClCompile Include="lua5.3\lundump.c">
      <Filter>3rd\lua\lua5.3</Filter>
    </ClCompile>
    <ClCompile Include="lua5.3\lutf8lib.c">
      <Filter>3rd\lua\lua5.3</Filter>
    </ClCompile>
    <ClCompile Include="lua5.3\lvm.c">
      <Filter>3rd\lua\lua5.3</Filter>
    </ClCompile>
    <ClCompile Include="lua5.3\lzio.c">
      <Filter>3rd\lua\lua5.3</Filter>
    </ClCompile>
    <ClCompile Include="luacjson\dtoa.c">
      <Filter>3rd\lua\luacjson</Filter>
    </ClCompile>
    <ClCompile Include="luacjson\g_fmt.c">
      <Filter>3rd\lua\luacjson</Filter>
    </ClCompile>
    <ClCompile Include="luacjson\lua_cjson.c">
      <Filter>3rd\lua\luacjson</Filter>
    </ClCompile>
    <ClCompile Include="luacjson\strbuf.c">
      <Filter>3rd\lua\luacjson</Filter>
    </ClCompile>
    <ClCompile Include="luasql\ls_mysql.c">
      <Filter>3rd\lua\luasql</Filter>
    </ClCompile>
    <ClCompile Include="luasql\luasql.c">
      <Filter>3rd\lua\luasql</Filter>
    </ClCompile>
    <ClCompile Include="sproto\lsproto.cpp">
      <Filter>3rd\lua\sproto</Filter>
    </ClCompile>
    <ClCompile Include="sproto\sproto.cpp">
      <Filter>3rd\lua\sproto</Filter>
    </ClCompile>
    <ClCompile Include="pbc\alloc.cpp">
      <Filter>3rd\lua\pbc</Filter>
    </ClCompile>
    <ClCompile Include="pbc\array.cpp">
      <Filter>3rd\lua\pbc</Filter>
    </ClCompile>
    <ClCompile Include="pbc\bootstrap.cpp">
      <Filter>3rd\lua\pbc</Filter>
    </ClCompile>
    <ClCompile Include="pbc\context.cpp">
      <Filter>3rd\lua\pbc</Filter>
    </ClCompile>
    <ClCompile Include="pbc\decode.cpp">
      <Filter>3rd\lua\pbc</Filter>
    </ClCompile>
    <ClCompile Include="pbc\map.cpp">
      <Filter>3rd\lua\pbc</Filter>
    </ClCompile>
    <ClCompile Include="pbc\pattern.cpp">
      <Filter>3rd\lua\pbc</Filter>
    </ClCompile>
    <ClCompile Include="pbc\pbc-lua53.cpp">
      <Filter>3rd\lua\pbc</Filter>
    </ClCompile>
    <ClCompile Include="pbc\proto.cpp">
      <Filter>3rd\lua\pbc</Filter>
    </ClCompile>
    <ClCompile Include="pbc\register.cpp">
      <Filter>3rd\lua\pbc</Filter>
    </ClCompile>
    <ClCompile Include="pbc\rmessage.cpp">
      <Filter>3rd\lua\pbc</Filter>
    </ClCompile>
    <ClCompile Include="pbc\stringpool.cpp">
      <Filter>3rd\lua\pbc</Filter>
    </ClCompile>
    <ClCompile Include="pbc\varint.cpp">
      <Filter>3rd\lua\pbc</Filter>
    </ClCompile>
    <ClCompile Include="pbc\wmessage.cpp">
      <Filter>3rd\lua\pbc</Filter>
    </ClCompile>
    <ClCompile Include="redisrand\redisrand.c">
      <Filter>3rd\redisrand</Filter>
    </ClCompile>
    <ClCompile Include="AES.cpp">
      <Filter>Encrypt</Filter>
    </ClCompile>
    <ClCompile Include="Base64.cpp">
      <Filter>Encrypt</Filter>
    </ClCompile>
    <ClCompile Include="CRC.cpp">
      <Filter>Encrypt</Filter>
    </ClCompile>
    <ClCompile Include="HRSA.cpp">
      <Filter>Encrypt</Filter>
    </ClCompile>
    <ClCompile Include="md5.cpp">
      <Filter>Encrypt</Filter>
    </ClCompile>
    <ClCompile Include="RSAKey.cpp">
      <Filter>Encrypt</Filter>
    </ClCompile>
    <ClCompile Include="UEncrypt.cpp">
      <Filter>Encrypt</Filter>
    </ClCompile>
    <ClCompile Include="ZEncrypt.cpp">
      <Filter>Encrypt</Filter>
    </ClCompile>
    <ClCompile Include="Binary.cpp">
      <Filter>Common</Filter>
    </ClCompile>
    <ClCompile Include="Charset.cpp">
      <Filter>Common</Filter>
    </ClCompile>
    <ClCompile Include="Clock.cpp">
      <Filter>Common</Filter>
    </ClCompile>
    <ClCompile Include="CoreDump.cpp">
      <Filter>Common</Filter>
    </ClCompile>
    <ClCompile Include="Funcs.cpp">
      <Filter>Common</Filter>
    </ClCompile>
    <ClCompile Include="Ini.cpp">
      <Filter>Common</Filter>
    </ClCompile>
    <ClCompile Include="Library.cpp">
      <Filter>Common</Filter>
    </ClCompile>
    <ClCompile Include="SnowFlake.cpp">
      <Filter>Common</Filter>
    </ClCompile>
    <ClCompile Include="TableFile.cpp">
      <Filter>Common</Filter>
    </ClCompile>
    <ClCompile Include="UUID.cpp">
      <Filter>Common</Filter>
    </ClCompile>
    <ClCompile Include="Thread.cpp">
      <Filter>Thread</Filter>
    </ClCompile>
    <ClCompile Include="Atomic.cpp">
      <Filter>Thread</Filter>
    </ClCompile>
    <ClCompile Include="RWLock.cpp">
      <Filter>Thread</Filter>
    </ClCompile>
    <ClCompile Include="NETAddr.cpp">
      <Filter>Common</Filter>
    </ClCompile>
    <ClCompile Include="NetWorker.cpp">
      <Filter>Service</Filter>
    </ClCompile>
    <ClCompile Include="Sender.cpp">
      <Filter>Service</Filter>
    </ClCompile>
    <ClCompile Include="Log.cpp">
      <Filter>Service</Filter>
    </ClCompile>
    <ClCompile Include="Mail.cpp">
      <Filter>Service</Filter>
    </ClCompile>
    <ClCompile Include="jsoncpp\json_reader.cpp">
      <Filter>3rd\jsoncpp</Filter>
    </ClCompile>
    <ClCompile Include="jsoncpp\json_value.cpp">
      <Filter>3rd\jsoncpp</Filter>
    </ClCompile>
    <ClCompile Include="jsoncpp\json_writer.cpp">
      <Filter>3rd\jsoncpp</Filter>
    </ClCompile>
    <ClCompile Include="WorkerDisp.cpp">
      <Filter>Service</Filter>
    </ClCompile>
    <ClCompile Include="Worker.cpp">
      <Filter>Service</Filter>
    </ClCompile>
    <ClCompile Include="luaserialize\serialize.c">
      <Filter>3rd\lua\serialize</Filter>
    </ClCompile>
    <ClCompile Include="Linker.cpp">
      <Filter>Service</Filter>
    </ClCompile>
    <ClCompile Include="NetBase.cpp">
      <Filter>Service</Filter>
    </ClCompile>
    <ClCompile Include="Tick.cpp">
      <Filter>Service</Filter>
    </ClCompile>
    <ClCompile Include="SHA1.cpp">
      <Filter>Encrypt</Filter>
    </ClCompile>
    <ClCompile Include="HBase.cpp" />
    <ClCompile Include="luasocket\auxiliar.c">
      <Filter>3rd\lua\luasocket</Filter>
    </ClCompile>
    <ClCompile Include="luasocket\buffer.c">
      <Filter>3rd\lua\luasocket</Filter>
    </ClCompile>
    <ClCompile Include="luasocket\except.c">
      <Filter>3rd\lua\luasocket</Filter>
    </ClCompile>
    <ClCompile Include="luasocket\inet.c">
      <Filter>3rd\lua\luasocket</Filter>
    </ClCompile>
    <ClCompile Include="luasocket\luasocket.c">
      <Filter>3rd\lua\luasocket</Filter>
    </ClCompile>
    <ClCompile Include="luasocket\luasockio.c">
      <Filter>3rd\lua\luasocket</Filter>
    </ClCompile>
    <ClCompile Include="luasocket\mime.c">
      <Filter>3rd\lua\luasocket</Filter>
    </ClCompile>
    <ClCompile Include="luasocket\options.c">
      <Filter>3rd\lua\luasocket</Filter>
    </ClCompile>
    <ClCompile Include="luasocket\select.c">
      <Filter>3rd\lua\luasocket</Filter>
    </ClCompile>
    <ClCompile Include="luasocket\serial.c">
      <Filter>3rd\lua\luasocket</Filter>
    </ClCompile>
    <ClCompile Include="luasocket\tcp.c">
      <Filter>3rd\lua\luasocket</Filter>
    </ClCompile>
    <ClCompile Include="luasocket\timeout.c">
      <Filter>3rd\lua\luasocket</Filter>
    </ClCompile>
    <ClCompile Include="luasocket\udp.c">
      <Filter>3rd\lua\luasocket</Filter>
    </ClCompile>
    <ClCompile Include="luasocket\unix.c">
      <Filter>3rd\lua\luasocket</Filter>
    </ClCompile>
    <ClCompile Include="luasocket\usocket.c">
      <Filter>3rd\lua\luasocket</Filter>
    </ClCompile>
    <ClCompile Include="luasocket\wsocket.c">
      <Filter>3rd\lua\luasocket</Filter>
    </ClCompile>
    <ClCompile Include="NetParser.cpp">
      <Filter>Service</Filter>
    </ClCompile>
    <ClCompile Include="Chan.cpp">
      <Filter>Service</Filter>
    </ClCompile>
    <ClCompile Include="Httpd.cpp">
      <Filter>Service\Parser</Filter>
    </ClCompile>
    <ClCompile Include="Tcp1.cpp">
      <Filter>Service\Parser</Filter>
    </ClCompile>
    <ClCompile Include="Tcp2.cpp">
      <Filter>Service\Parser</Filter>
    </ClCompile>
    <ClCompile Include="WebSock.cpp">
      <Filter>Service\Parser</Filter>
    </ClCompile>
    <ClCompile Include="luamongo\bson.cpp">
      <Filter>3rd\lua\mongo</Filter>
    </ClCompile>
    <ClCompile Include="luamongo\mongo.cpp">
      <Filter>3rd\lua\mongo</Filter>
    </ClCompile>
    <ClCompile Include="luasharedata\lua-sharedata.cpp">
      <Filter>3rd\lua\sharedata</Filter>
    </ClCompile>
    <ClCompile Include="luasharedata\lua-stm.cpp">
      <Filter>3rd\lua\sharedata</Filter>
    </ClCompile>
    <ClCompile Include="mqtt.cpp">
      <Filter>Service\Parser</Filter>
    </ClCompile>
    <ClCompile Include="DefParser.cpp">
      <Filter>Service\Parser</Filter>
    </ClCompile>
  </ItemGroup>
  <ItemGroup>
    <None Include="uchardet\Big5Freq.tab">
      <Filter>3rd\uchardet</Filter>
    </None>
    <None Include="uchardet\EUCKRFreq.tab">
      <Filter>3rd\uchardet</Filter>
    </None>
    <None Include="uchardet\EUCTWFreq.tab">
      <Filter>3rd\uchardet</Filter>
    </None>
    <None Include="uchardet\GB2312Freq.tab">
      <Filter>3rd\uchardet</Filter>
    </None>
    <None Include="uchardet\JISFreq.tab">
      <Filter>3rd\uchardet</Filter>
    </None>
    <None Include="RSAEuro\des386.s">
      <Filter>3rd\RSAEuro</Filter>
    </None>
    <None Include="RSAEuro\rsa68k.s">
      <Filter>3rd\RSAEuro</Filter>
    </None>
    <None Include="RSAEuro\rsa386.s">
      <Filter>3rd\RSAEuro</Filter>
    </None>
    <None Include="RSAEuro\rsasparc.s">
      <Filter>3rd\RSAEuro</Filter>
    </None>
    <None Include="jsoncpp\json_valueiterator.inl">
      <Filter>3rd\jsoncpp</Filter>
    </None>
  </ItemGroup>
</Project>